{
  "nodes": {
    "nixpkgs": {
      "locked": {
        "lastModified": 1776434932,
        "narHash": "sha256-gyqXNMgk3sh+ogY5svd2eNLJ6oEwzbAeaoBrrxD0lKk=",
        "owner": "NixOS",
        "repo": "nixpkgs",
        "rev": "c7f47036d3df2add644c46d712d14262b7d86c0c",
        "type": "github"
      },
      "original": {
        "owner": "NixOS",
        "ref": "nixos-25.11",
        "repo": "nixpkgs",
        "type": "github"
      }
    },
    "root": {
      "inputs": {
        "nixpkgs": "nixpkgs",
        "zig": "zig",
        "zls": "zls"
      }
    },
    "zig": {
      "inputs": {
        "nixpkgs": [
          "nixpkgs"
        ]
      },
      "locked": {
        "lastModified": 1776518683,
        "narHash": "sha256-xIPXElFs+eB9Idj5IAeMEJIKCBeb8KS/tFoA/vOEfdU=",
        "owner": "silversquirl",
        "repo": "zig-flake",
        "rev": "e380d4d2429d764d363a83049c224d43d31574ab",
        "type": "github"
      },
      "original": {
        "owner": "silversquirl",
        "repo": "zig-flake",
        "type": "github"
      }
    },
    "zls": {
      "inputs": {
        "nixpkgs": [
          "nixpkgs"
        ],
        "zig-flake": [
          "zig"
        ]
      },
      "locked": {
        "lastModified": 1776372934,
        "narHash": "sha256-wiyvlG4wKtoN2YRPjiA82yEhH+KAVlqzHTtCIqA6rf4=",
        "owner": "zigtools",
        "repo": "zls",
        "rev": "295cedd8ddd040c77e6666ddab6ef6da8c0beffa",
        "type": "github"
      },
      "original": {
        "owner": "zigtools",
        "repo": "zls",
        "type": "github"
      }
    }
  },
  "root": "root",
  "version": 7
}
